GEM
  remote: https://rubygems.org/
  specs:
    dry-cli (1.4.1)
    fiddle (1.1.8)

PLATFORMS
  ruby

DEPENDENCIES
  dry-cli (~> 1.4)
  fiddle (~> 1.1)

CHECKSUMS
  dry-cli (1.4.1) sha256=b8015bb76c708aa8705a36faf694973e75eeeffca39b89c8e172dc6f66a7d874
  fiddle (1.1.8) sha256=7fa8ee3627271497f3add5503acdbc3f40b32f610fc1cf49634f083ef3f32eee

BUNDLED WITH
  4.0.3
